
Microsoft Visual Studio Solution File, Format Version 12.00
# Visual Studio 15
VisualStudioVersion = 15.0.28010.2048
MinimumVisualStudioVersion = 10.0.40219.1
Project("{FAE04EC0-301F-11D3-BF4B-00C04F79EFBC}") = "MVVMStopWatch", "MVVMStopWatch\MVVMStopWatch.csproj", "{76609708-CCED-43E2-9A63-A4C5C4C053F8}"
EndProject
Global
	GlobalSection(SolutionConfigurationPlatforms) = preSolution
		Debug|Any CPU = Debug|Any CPU
		Release|Any CPU = Release|Any CPU
	EndGlobalSection
	GlobalSection(ProjectConfigurationPlatforms) = postSolution
		{76609708-CCED-43E2-9A63-A4C5C4C053F8}.Debug|Any CPU.ActiveCfg = Debug|Any CPU
		{76609708-CCED-43E2-9A63-A4C5C4C053F8}.Debug|Any CPU.Build.0 = Debug|Any CPU
		{76609708-CCED-43E2-9A63-A4C5C4C053F8}.Release|Any CPU.ActiveCfg = Release|Any CPU
		{76609708-CCED-43E2-9A63-A4C5C4C053F8}.Release|Any CPU.Build.0 = Release|Any CPU
	EndGlobalSection
	GlobalSection(SolutionProperties) = preSolution
		HideSolutionNode = FALSE
	EndGlobalSection
	GlobalSection(ExtensibilityGlobals) = postSolution
		SolutionGuid = {C7B01B7E-47AA-4614-93D2-4DE83DEAB500}
	EndGlobalSection
EndGlobal
